Microsoft Visual Studio Solution File, Format Version 12.00
# Visual Studio 2012
Project("{FAE04EC0-301F-11D3-BF4B-00C04F79EFBC}") = "Lions vs Pokemon 2", "Lions vs Pokemon 2.csproj", "{3E1B4354-4246-4233-B39F-1818EFB9B90E}"
EndProject
Global
	GlobalSection(SolutionConfigurationPlatforms) = preSolution
	Debug|Any CPU = Debug|Any CPU
	ExportDebug|Any CPU = ExportDebug|Any CPU
	ExportRelease|Any CPU = ExportRelease|Any CPU
	EndGlobalSection
	GlobalSection(ProjectConfigurationPlatforms) = postSolution
		{3E1B4354-4246-4233-B39F-1818EFB9B90E}.Debug|Any CPU.ActiveCfg = Debug|Any CPU
		{3E1B4354-4246-4233-B39F-1818EFB9B90E}.Debug|Any CPU.Build.0 = Debug|Any CPU
		{3E1B4354-4246-4233-B39F-1818EFB9B90E}.ExportDebug|Any CPU.ActiveCfg = ExportDebug|Any CPU
		{3E1B4354-4246-4233-B39F-1818EFB9B90E}.ExportDebug|Any CPU.Build.0 = ExportDebug|Any CPU
		{3E1B4354-4246-4233-B39F-1818EFB9B90E}.ExportRelease|Any CPU.ActiveCfg = ExportRelease|Any CPU
		{3E1B4354-4246-4233-B39F-1818EFB9B90E}.ExportRelease|Any CPU.Build.0 = ExportRelease|Any CPU
	EndGlobalSection
EndGlobal
